
Microsoft Visual Studio Solution File, Format Version 12.00
# Visual Studio Version 17
VisualStudioVersion = 17.13.35828.75 d17.13
MinimumVisualStudioVersion = 10.0.40219.1
Project("{54A90642-561A-4BB1-A94E-469ADEE60C69}") = "angularapp11.client", "angularapp11.client\angularapp11.client.esproj", "{BB94A199-9282-BE2C-5104-D8BC202DCE39}"
EndProject
Project("{FAE04EC0-301F-11D3-BF4B-00C04F79EFBC}") = "AngularApp11.Server", "AngularApp11.Server\AngularApp11.Server.csproj", "{4E41A2C2-951D-44D9-AB3F-B7B6A765F8B9}"
EndProject
Global
	GlobalSection(SolutionConfigurationPlatforms) = preSolution
		Debug|Any CPU = Debug|Any CPU
		Release|Any CPU = Release|Any CPU
	EndGlobalSection
	GlobalSection(ProjectConfigurationPlatforms) = postSolution
		{BB94A199-9282-BE2C-5104-D8BC202DCE39}.Debug|Any CPU.ActiveCfg = Debug|Any CPU
		{BB94A199-9282-BE2C-5104-D8BC202DCE39}.Debug|Any CPU.Build.0 = Debug|Any CPU
		{BB94A199-9282-BE2C-5104-D8BC202DCE39}.Debug|Any CPU.Deploy.0 = Debug|Any CPU
		{BB94A199-9282-BE2C-5104-D8BC202DCE39}.Release|Any CPU.ActiveCfg = Release|Any CPU
		{BB94A199-9282-BE2C-5104-D8BC202DCE39}.Release|Any CPU.Build.0 = Release|Any CPU
		{BB94A199-9282-BE2C-5104-D8BC202DCE39}.Release|Any CPU.Deploy.0 = Release|Any CPU
		{4E41A2C2-951D-44D9-AB3F-B7B6A765F8B9}.Debug|Any CPU.ActiveCfg = Debug|Any CPU
		{4E41A2C2-951D-44D9-AB3F-B7B6A765F8B9}.Debug|Any CPU.Build.0 = Debug|Any CPU
		{4E41A2C2-951D-44D9-AB3F-B7B6A765F8B9}.Release|Any CPU.ActiveCfg = Release|Any CPU
		{4E41A2C2-951D-44D9-AB3F-B7B6A765F8B9}.Release|Any CPU.Build.0 = Release|Any CPU
	EndGlobalSection
	GlobalSection(SolutionProperties) = preSolution
		HideSolutionNode = FALSE
	EndGlobalSection
	GlobalSection(ExtensibilityGlobals) = postSolution
		SolutionGuid = {238DAE2B-0183-4C54-958C-2F8704FE73D5}
	EndGlobalSection
EndGlobal
